
Microsoft Visual Studio Solution File, Format Version 12.00
Project("{FAE04EC0-301F-11D3-BF4B-00C04F79EFBC}") = "Program", "Program\Program.csproj", "{F1E250FB-86F9-4C39-8B3F-DDA438D10C8C}"
EndProject
Project("{FAE04EC0-301F-11D3-BF4B-00C04F79EFBC}") = "Libraries", "Libraries\Libraries.csproj", "{C76D9ADE-4546-4C4E-880B-A15378E37370}"
EndProject
Global
	GlobalSection(SolutionConfigurationPlatforms) = preSolution
		Debug|Any CPU = Debug|Any CPU
		Release|Any CPU = Release|Any CPU
	EndGlobalSection
	GlobalSection(ProjectConfigurationPlatforms) = postSolution
		{F1E250FB-86F9-4C39-8B3F-DDA438D10C8C}.Debug|Any CPU.ActiveCfg = Debug|Any CPU
		{F1E250FB-86F9-4C39-8B3F-DDA438D10C8C}.Debug|Any CPU.Build.0 = Debug|Any CPU
		{F1E250FB-86F9-4C39-8B3F-DDA438D10C8C}.Release|Any CPU.ActiveCfg = Release|Any CPU
		{F1E250FB-86F9-4C39-8B3F-DDA438D10C8C}.Release|Any CPU.Build.0 = Release|Any CPU
		{C76D9ADE-4546-4C4E-880B-A15378E37370}.Debug|Any CPU.ActiveCfg = Debug|Any CPU
		{C76D9ADE-4546-4C4E-880B-A15378E37370}.Debug|Any CPU.Build.0 = Debug|Any CPU
		{C76D9ADE-4546-4C4E-880B-A15378E37370}.Release|Any CPU.ActiveCfg = Release|Any CPU
		{C76D9ADE-4546-4C4E-880B-A15378E37370}.Release|Any CPU.Build.0 = Release|Any CPU
	EndGlobalSection
EndGlobal
